GEM
  remote: https://rubygems.org/
  specs:
    bootstrap-sass (3.2.0.2)
      sass (~> 3.2)
    chunky_png (1.3.5)
    compass (1.0.3)
      chunky_png (~> 1.2)
      compass-core (~> 1.0.2)
      compass-import-once (~> 1.0.5)
      rb-fsevent (>= 0.9.3)
      rb-inotify (>= 0.9)
      sass (>= 3.3.13, < 3.5)
    compass-core (1.0.3)
      multi_json (~> 1.0)
      sass (>= 3.3.0, < 3.5)
    compass-import-once (1.0.5)
      sass (>= 3.2, < 3.5)
    cuba (3.8.1)
      rack (>= 1.6.0)
    ffi (1.9.10-java)
    jruby-jars (9.1.5.0)
    jruby-rack (1.1.20)
    multi_json (1.11.2)
    rack (2.0.3)
    rake (10.5.0)
    rb-fsevent (0.9.7)
    rb-inotify (0.9.7)
      ffi (>= 0.5.0)
    rubyzip (1.2.0)
    sass (3.4.21)
    tilt (2.0.7)
    warbler (2.0.3)
      jruby-jars (>= 9.0.0.0)
      jruby-rack (>= 1.1.1, < 1.3)
      rake (>= 10.1.0)
      rubyzip (~> 1.0, < 1.4)

PLATFORMS
  java

DEPENDENCIES
  bootstrap-sass (~> 3.2.0)
  compass
  cuba (~> 3.8.1)
  jruby-jars (= 9.1.5.0)
  rack (~> 2.0.3)
  rake
  tilt (~> 2.0.7)
  warbler (~> 2.0.3)

BUNDLED WITH
   1.14.3
